
Microsoft Visual Studio Solution File, Format Version 12.00
# Visual Studio 14
VisualStudioVersion = 14.0.25420.1
MinimumVisualStudioVersion = 10.0.40219.1
Project("{FAE04EC0-301F-11D3-BF4B-00C04F79EFBC}") = "WebApi Course ppedv", "WebApi Course ppedv\WebApi Course ppedv.csproj", "{A9358A1E-DCE8-4365-AB40-10059A7289F4}"
EndProject
Project("{FAE04EC0-301F-11D3-BF4B-00C04F79EFBC}") = "Trainings.Core", "Trainings.Core\Trainings.Core.csproj", "{C432BC98-8865-49D1-B302-5304FC139D36}"
EndProject
Project("{2150E333-8FDC-42A3-9474-1A3956D46DE8}") = "Core or Data", "Core or Data", "{6A07C886-26CF-49D7-8DE4-BC2EEBDD917D}"
EndProject
Project("{2150E333-8FDC-42A3-9474-1A3956D46DE8}") = "Web Api", "Web Api", "{AEA30684-4956-4132-AA24-87B094321869}"
EndProject
Global
	GlobalSection(SolutionConfigurationPlatforms) = preSolution
		Debug|Any CPU = Debug|Any CPU
		Release|Any CPU = Release|Any CPU
	EndGlobalSection
	GlobalSection(ProjectConfigurationPlatforms) = postSolution
		{A9358A1E-DCE8-4365-AB40-10059A7289F4}.Debug|Any CPU.ActiveCfg = Debug|Any CPU
		{A9358A1E-DCE8-4365-AB40-10059A7289F4}.Debug|Any CPU.Build.0 = Debug|Any CPU
		{A9358A1E-DCE8-4365-AB40-10059A7289F4}.Release|Any CPU.ActiveCfg = Release|Any CPU
		{A9358A1E-DCE8-4365-AB40-10059A7289F4}.Release|Any CPU.Build.0 = Release|Any CPU
		{C432BC98-8865-49D1-B302-5304FC139D36}.Debug|Any CPU.ActiveCfg = Debug|Any CPU
		{C432BC98-8865-49D1-B302-5304FC139D36}.Debug|Any CPU.Build.0 = Debug|Any CPU
		{C432BC98-8865-49D1-B302-5304FC139D36}.Release|Any CPU.ActiveCfg = Release|Any CPU
		{C432BC98-8865-49D1-B302-5304FC139D36}.Release|Any CPU.Build.0 = Release|Any CPU
	EndGlobalSection
	GlobalSection(SolutionProperties) = preSolution
		HideSolutionNode = FALSE
	EndGlobalSection
	GlobalSection(NestedProjects) = preSolution
		{A9358A1E-DCE8-4365-AB40-10059A7289F4} = {AEA30684-4956-4132-AA24-87B094321869}
		{C432BC98-8865-49D1-B302-5304FC139D36} = {6A07C886-26CF-49D7-8DE4-BC2EEBDD917D}
	EndGlobalSection
EndGlobal
